
Microsoft Visual Studio Solution File, Format Version 12.00
# Visual Studio Version 16
VisualStudioVersion = 16.0.31129.286
MinimumVisualStudioVersion = 10.0.40219.1
Project("{FAE04EC0-301F-11D3-BF4B-00C04F79EFBC}") = "CadastroAluno", "CadastroAluno\CadastroAluno.csproj", "{5FA4CD86-0B6E-4DE8-B2C9-9BA33A88E93D}"
EndProject
Global
	GlobalSection(SolutionConfigurationPlatforms) = preSolution
		Debug|Any CPU = Debug|Any CPU
		Release|Any CPU = Release|Any CPU
	EndGlobalSection
	GlobalSection(ProjectConfigurationPlatforms) = postSolution
		{5FA4CD86-0B6E-4DE8-B2C9-9BA33A88E93D}.Debug|Any CPU.ActiveCfg = Debug|Any CPU
		{5FA4CD86-0B6E-4DE8-B2C9-9BA33A88E93D}.Debug|Any CPU.Build.0 = Debug|Any CPU
		{5FA4CD86-0B6E-4DE8-B2C9-9BA33A88E93D}.Release|Any CPU.ActiveCfg = Release|Any CPU
		{5FA4CD86-0B6E-4DE8-B2C9-9BA33A88E93D}.Release|Any CPU.Build.0 = Release|Any CPU
	EndGlobalSection
	GlobalSection(SolutionProperties) = preSolution
		HideSolutionNode = FALSE
	EndGlobalSection
	GlobalSection(ExtensibilityGlobals) = postSolution
		SolutionGuid = {0711DBAB-DF75-4ED3-8493-97E9467BD40E}
	EndGlobalSection
EndGlobal
